
Microsoft Visual Studio Solution File, Format Version 12.00
# Visual Studio Version 16
VisualStudioVersion = 16.0.32228.343
MinimumVisualStudioVersion = 10.0.40219.1
Project("{FAE04EC0-301F-11D3-BF4B-00C04F79EFBC}") = "Assign8", "Assign8\Assign8.csproj", "{A6FA930B-5EED-4BDB-AF94-8DFC50FE890B}"
EndProject
Global
	GlobalSection(SolutionConfigurationPlatforms) = preSolution
		Debug|Any CPU = Debug|Any CPU
		Release|Any CPU = Release|Any CPU
	EndGlobalSection
	GlobalSection(ProjectConfigurationPlatforms) = postSolution
		{A6FA930B-5EED-4BDB-AF94-8DFC50FE890B}.Debug|Any CPU.ActiveCfg = Debug|Any CPU
		{A6FA930B-5EED-4BDB-AF94-8DFC50FE890B}.Debug|Any CPU.Build.0 = Debug|Any CPU
		{A6FA930B-5EED-4BDB-AF94-8DFC50FE890B}.Release|Any CPU.ActiveCfg = Release|Any CPU
		{A6FA930B-5EED-4BDB-AF94-8DFC50FE890B}.Release|Any CPU.Build.0 = Release|Any CPU
	EndGlobalSection
	GlobalSection(SolutionProperties) = preSolution
		HideSolutionNode = FALSE
	EndGlobalSection
	GlobalSection(ExtensibilityGlobals) = postSolution
		SolutionGuid = {03133FCF-B2CD-47B7-91DA-B0BA2A561BBE}
	EndGlobalSection
EndGlobal
