
Microsoft Visual Studio Solution File, Format Version 12.00
# Visual Studio Version 16
VisualStudioVersion = 16.0.32228.343
MinimumVisualStudioVersion = 10.0.40219.1
Project("{FAE04EC0-301F-11D3-BF4B-00C04F79EFBC}") = "Exam2", "Exam2\Exam2.csproj", "{9C743B5C-E244-41C0-BE3B-477A3C39655E}"
EndProject
Global
	GlobalSection(SolutionConfigurationPlatforms) = preSolution
		Debug|Any CPU = Debug|Any CPU
		Release|Any CPU = Release|Any CPU
	EndGlobalSection
	GlobalSection(ProjectConfigurationPlatforms) = postSolution
		{9C743B5C-E244-41C0-BE3B-477A3C39655E}.Debug|Any CPU.ActiveCfg = Debug|Any CPU
		{9C743B5C-E244-41C0-BE3B-477A3C39655E}.Debug|Any CPU.Build.0 = Debug|Any CPU
		{9C743B5C-E244-41C0-BE3B-477A3C39655E}.Release|Any CPU.ActiveCfg = Release|Any CPU
		{9C743B5C-E244-41C0-BE3B-477A3C39655E}.Release|Any CPU.Build.0 = Release|Any CPU
	EndGlobalSection
	GlobalSection(SolutionProperties) = preSolution
		HideSolutionNode = FALSE
	EndGlobalSection
	GlobalSection(ExtensibilityGlobals) = postSolution
		SolutionGuid = {2D0829E3-E236-4CC8-911C-50A09FF33AF5}
	EndGlobalSection
EndGlobal
