
Microsoft Visual Studio Solution File, Format Version 12.00
# Visual Studio Version 16
VisualStudioVersion = 16.0.32228.343
MinimumVisualStudioVersion = 10.0.40219.1
Project("{FAE04EC0-301F-11D3-BF4B-00C04F79EFBC}") = "Assign7", "Assign7\Assign7.csproj", "{ED78E2F2-784B-4200-8695-2AAC94F7B98A}"
EndProject
Global
	GlobalSection(SolutionConfigurationPlatforms) = preSolution
		Debug|Any CPU = Debug|Any CPU
		Release|Any CPU = Release|Any CPU
	EndGlobalSection
	GlobalSection(ProjectConfigurationPlatforms) = postSolution
		{ED78E2F2-784B-4200-8695-2AAC94F7B98A}.Debug|Any CPU.ActiveCfg = Debug|Any CPU
		{ED78E2F2-784B-4200-8695-2AAC94F7B98A}.Debug|Any CPU.Build.0 = Debug|Any CPU
		{ED78E2F2-784B-4200-8695-2AAC94F7B98A}.Release|Any CPU.ActiveCfg = Release|Any CPU
		{ED78E2F2-784B-4200-8695-2AAC94F7B98A}.Release|Any CPU.Build.0 = Release|Any CPU
	EndGlobalSection
	GlobalSection(SolutionProperties) = preSolution
		HideSolutionNode = FALSE
	EndGlobalSection
	GlobalSection(ExtensibilityGlobals) = postSolution
		SolutionGuid = {A79D2A79-469F-430F-9AEB-B732E3C1322F}
	EndGlobalSection
EndGlobal
